{
  "lockfileVersion": 1,
  "workspaces": {
    "": {
      "name": "buffet",
      "dependencies": {
        "effect": "latest",
        "tailwindcss": "latest",
      },
      "devDependencies": {
        "@biomejs/biome": "2.3.3",
        "@kitajs/html": "latest",
        "@types/bun": "latest",
        "bun-plugin-tailwind": "latest",
      },
    },
  },
  "packages": {
    "@biomejs/biome": ["@biomejs/biome@2.3.3", "", { "optionalDependencies": { "@biomejs/cli-darwin-arm64": "2.3.3", "@biomejs/cli-darwin-x64": "2.3.3", "@biomejs/cli-linux-arm64": "2.3.3", "@biomejs/cli-linux-arm64-musl": "2.3.3", "@biomejs/cli-linux-x64": "2.3.3", "@biomejs/cli-linux-x64-musl": "2.3.3", "@biomejs/cli-win32-arm64": "2.3.3", "@biomejs/cli-win32-x64": "2.3.3" }, "bin": { "biome": "bin/biome" } }, "sha512-zn/P1pRBCpDdhi+VNSMnpczOz9DnqzOA2c48K8xgxjDODvi5O8gs3a2H233rck/5HXpkFj6TmyoqVvxirZUnvg=="],

    "@biomejs/cli-darwin-arm64": ["@biomejs/cli-darwin-arm64@2.3.3", "", { "os": "darwin", "cpu": "arm64" }, "sha512-5+JtW6RKmjqL9un0UtHV0ezOslAyYBzyl5ZhYiu7GHesX2x8NCDl6tXYrenv9m7e1RLbkO5E5Kh04kseMtz6lw=="],

    "@biomejs/cli-darwin-x64": ["@biomejs/cli-darwin-x64@2.3.3", "", { "os": "darwin", "cpu": "x64" }, "sha512-UPmKRalkHicvIpeccuKqq+/gA2HYV8FUnAEDJnqYBlGlycKqe6xrovWqvWTE4TTNpIFf4UQyuaDzLkN6Kz6tbA=="],

    "@biomejs/cli-linux-arm64": ["@biomejs/cli-linux-arm64@2.3.3", "", { "os": "linux", "cpu": "arm64" }, "sha512-zeiKwALNB/hax7+LLhCYqhqzlWdTfgE9BGkX2Z8S4VmCYnGFrf2fON/ec6KCos7mra5MDm6fYICsEWN2+HKZhw=="],

    "@biomejs/cli-linux-arm64-musl": ["@biomejs/cli-linux-arm64-musl@2.3.3", "", { "os": "linux", "cpu": "arm64" }, "sha512-KhCDMV+V7Yu72v40ssGJTHuv/j0n7JQ6l0s/c+EMcX5zPYLMLr4XpmI+WXhp4Vfkz0T5Xnh5wbrTBI3f2UTpjQ=="],

    "@biomejs/cli-linux-x64": ["@biomejs/cli-linux-x64@2.3.3", "", { "os": "linux", "cpu": "x64" }, "sha512-05CjPLbvVVU8J6eaO6iSEoA0FXKy2l6ddL+1h/VpiosCmIp3HxRKLOa1hhC1n+D13Z8g9b1DtnglGtM5U3sTag=="],

    "@biomejs/cli-linux-x64-musl": ["@biomejs/cli-linux-x64-musl@2.3.3", "", { "os": "linux", "cpu": "x64" }, "sha512-IyqQ+jYzU5MVy9CK5NV0U+NnUMPUAhYMrB/x4QgL/Dl1MqzBVc61bHeyhLnKM6DSEk73/TQYrk/8/QmVHudLdQ=="],

    "@biomejs/cli-win32-arm64": ["@biomejs/cli-win32-arm64@2.3.3", "", { "os": "win32", "cpu": "arm64" }, "sha512-NtlLs3pdFqFAQYZjlEHKOwJEn3GEaz7rtR2oCrzaLT2Xt3Cfd55/VvodQ5V+X+KepLa956QJagckJrNL+DmumQ=="],

    "@biomejs/cli-win32-x64": ["@biomejs/cli-win32-x64@2.3.3", "", { "os": "win32", "cpu": "x64" }, "sha512-klJKPPQvUk9Rlp0Dd56gQw/+Wt6uUprHdHWtbDC93f3Iv+knA2tLWpcYoOZJgPV+9s+RBmYv0DGy4mUlr20esg=="],

    "@kitajs/html": ["@kitajs/html@4.2.10", "", { "dependencies": { "csstype": "^3.1.3" } }, "sha512-q9n2Ig7GlAYOdL+CeWxsIIZFIKna+eCJah15eK8PBIFHW3UcWayAMs8QYGJNYgP3uMucDimIAUBH26xnE7GILw=="],

    "@oven/bun-darwin-aarch64": ["@oven/bun-darwin-aarch64@1.3.1", "", { "os": "darwin", "cpu": "arm64" }, "sha512-7Rap1BHNWqgnexc4wLjjdZeVRQKtk534iGuJ7qZ42i/q1B+cxJZ6zSnrFsYmo+zreH7dUyUXL3AHuXGrl2772Q=="],

    "@oven/bun-darwin-x64": ["@oven/bun-darwin-x64@1.3.1", "", { "os": "darwin", "cpu": "x64" }, "sha512-wpqmgT/8w+tEr5YMGt1u1sEAMRHhyA2SKZddC6GCPasHxSqkCWOPQvYIHIApnTsoSsxhxP0x6Cpe93+4c7hq/w=="],

    "@oven/bun-darwin-x64-baseline": ["@oven/bun-darwin-x64-baseline@1.3.1", "", { "os": "darwin", "cpu": "x64" }, "sha512-mJo715WvwEHmJ6khNymWyxi0QrFzU94wolsUmxolViNHrk+2ugzIkVIJhTnxf7pHnarxxHwyJ/kgatuV//QILQ=="],

    "@oven/bun-linux-aarch64": ["@oven/bun-linux-aarch64@1.3.1", "", { "os": "linux", "cpu": "arm64" }, "sha512-ACn038SZL8del+sFnqCjf+haGB02//j2Ez491IMmPTvbv4a/D0iiNz9xiIB3ICbQd3EwQzi+Ut/om3Ba/KoHbQ=="],

    "@oven/bun-linux-aarch64-musl": ["@oven/bun-linux-aarch64-musl@1.3.1", "", { "os": "linux", "cpu": "arm64" }, "sha512-gKU3Wv3BTG5VMjqMMnRwqU6tipCveE9oyYNt62efy6cQK3Vo1DOBwY2SmjbFw+yzj+Um20YoFOLGxghfQET4Ng=="],

    "@oven/bun-linux-x64": ["@oven/bun-linux-x64@1.3.1", "", { "os": "linux", "cpu": "x64" }, "sha512-cAUeM3I5CIYlu5Ur52eCOGg9yfqibQd4lzt9G1/rA0ajqcnCBaTuekhUDZETJJf5H9QV+Gm46CqQg2DpdJzJsw=="],

    "@oven/bun-linux-x64-baseline": ["@oven/bun-linux-x64-baseline@1.3.1", "", { "os": "linux", "cpu": "x64" }, "sha512-7+2aCrL81mtltZQbKdiPB58UL+Gr3DAIuPyUAKm0Ib/KG/Z8t7nD/eSMRY/q6b+NsAjYnVPiPwqSjC3edpMmmQ=="],

    "@oven/bun-linux-x64-musl": ["@oven/bun-linux-x64-musl@1.3.1", "", { "os": "linux", "cpu": "x64" }, "sha512-8AgEAHyuJ5Jm9MUo1L53K1SRYu0bNGqV0E0L5rB5DjkteO4GXrnWGBT8qsuwuy7WMuCMY3bj64/pFjlRkZuiXw=="],

    "@oven/bun-linux-x64-musl-baseline": ["@oven/bun-linux-x64-musl-baseline@1.3.1", "", { "os": "linux", "cpu": "x64" }, "sha512-tP0WWcAqrMayvkggOHBGBoyyoK+QHAqgRUyj1F6x5/udiqc9vCXmIt1tlydxYV/NvyvUAmJ7MWT0af44Xm2kJw=="],

    "@oven/bun-windows-x64": ["@oven/bun-windows-x64@1.3.1", "", { "os": "win32", "cpu": "x64" }, "sha512-xdUjOZRq6PwPbbz4/F2QEMLBZwintGp7AS50cWxgkHnyp7Omz5eJfV6/vWtN4qwZIyR3V3DT/2oXsY1+7p3rtg=="],

    "@oven/bun-windows-x64-baseline": ["@oven/bun-windows-x64-baseline@1.3.1", "", { "os": "win32", "cpu": "x64" }, "sha512-dcA+Kj7hGFrY3G8NWyYf3Lj3/GMViknpttWUf5pI6p6RphltZaoDu0lY5Lr71PkMdRZTwL2NnZopa/x/NWCdKA=="],

    "@standard-schema/spec": ["@standard-schema/spec@1.0.0", "", {}, "sha512-m2bOd0f2RT9k8QJx1JN85cZYyH1RqFBdlwtkSlf4tBDYLCiiZnv1fIIwacK6cqwXavOydf0NPToMQgpKq+dVlA=="],

    "@types/bun": ["@types/bun@1.3.1", "", { "dependencies": { "bun-types": "1.3.1" } }, "sha512-4jNMk2/K9YJtfqwoAa28c8wK+T7nvJFOjxI4h/7sORWcypRNxBpr+TPNaCfVWq70tLCJsqoFwcf0oI0JU/fvMQ=="],

    "@types/node": ["@types/node@24.10.0", "", { "dependencies": { "undici-types": "~7.16.0" } }, "sha512-qzQZRBqkFsYyaSWXuEHc2WR9c0a0CXwiE5FWUvn7ZM+vdy1uZLfCunD38UzhuB7YN/J11ndbDBcTmOdxJo9Q7A=="],

    "@types/react": ["@types/react@19.2.2", "", { "dependencies": { "csstype": "^3.0.2" } }, "sha512-6mDvHUFSjyT2B2yeNx2nUgMxh9LtOWvkhIU3uePn2I2oyNymUAX1NIsdgviM4CH+JSrp2D2hsMvJOkxY+0wNRA=="],

    "bun": ["bun@1.3.1", "", { "optionalDependencies": { "@oven/bun-darwin-aarch64": "1.3.1", "@oven/bun-darwin-x64": "1.3.1", "@oven/bun-darwin-x64-baseline": "1.3.1", "@oven/bun-linux-aarch64": "1.3.1", "@oven/bun-linux-aarch64-musl": "1.3.1", "@oven/bun-linux-x64": "1.3.1", "@oven/bun-linux-x64-baseline": "1.3.1", "@oven/bun-linux-x64-musl": "1.3.1", "@oven/bun-linux-x64-musl-baseline": "1.3.1", "@oven/bun-windows-x64": "1.3.1", "@oven/bun-windows-x64-baseline": "1.3.1" }, "os": [ "linux", "win32", "darwin", ], "cpu": [ "x64", "arm64", ], "bin": { "bun": "bin/bun.exe", "bunx": "bin/bunx.exe" } }, "sha512-enqkEb0RhNOgDzHQwv7uvnIhX3uSzmKzz779dL7kdH8SauyTdQvCz4O1UT2rU0UldQp2K9OlrJNdyDHayPEIvw=="],

    "bun-plugin-tailwind": ["bun-plugin-tailwind@0.1.2", "", { "peerDependencies": { "bun": ">=1.0.0" } }, "sha512-41jNC1tZRSK3s1o7pTNrLuQG8kL/0vR/JgiTmZAJ1eHwe0w5j6HFPKeqEk0WAD13jfrUC7+ULuewFBBCoADPpg=="],

    "bun-types": ["bun-types@1.3.1", "", { "dependencies": { "@types/node": "*" }, "peerDependencies": { "@types/react": "^19" } }, "sha512-NMrcy7smratanWJ2mMXdpatalovtxVggkj11bScuWuiOoXTiKIu2eVS1/7qbyI/4yHedtsn175n4Sm4JcdHLXw=="],

    "csstype": ["csstype@3.1.3", "", {}, "sha512-M1uQkMl8rQK/szD0LNhtqxIPLpimGm8sOBwU7lLnCpSbTyY3yeU1Vc7l4KT5zT4s/yOxHH5O7tIuuLOCnLADRw=="],

    "effect": ["effect@3.18.4", "", { "dependencies": { "@standard-schema/spec": "^1.0.0", "fast-check": "^3.23.1" } }, "sha512-b1LXQJLe9D11wfnOKAk3PKxuqYshQ0Heez+y5pnkd3jLj1yx9QhM72zZ9uUrOQyNvrs2GZZd/3maL0ZV18YuDA=="],

    "fast-check": ["fast-check@3.23.2", "", { "dependencies": { "pure-rand": "^6.1.0" } }, "sha512-h5+1OzzfCC3Ef7VbtKdcv7zsstUQwUDlYpUTvjeUsJAssPgLn7QzbboPtL5ro04Mq0rPOsMzl7q5hIbRs2wD1A=="],

    "pure-rand": ["pure-rand@6.1.0", "", {}, "sha512-bVWawvoZoBYpp6yIoQtQXHZjmz35RSVHnUOTefl8Vcjr8snTPY1wnpSPMWekcFwbxI6gtmT7rSYPFvz71ldiOA=="],

    "tailwindcss": ["tailwindcss@4.1.16", "", {}, "sha512-pONL5awpaQX4LN5eiv7moSiSPd/DLDzKVRJz8Q9PgzmAdd1R4307GQS2ZpfiN7ZmekdQrfhZZiSE5jkLR4WNaA=="],

    "undici-types": ["undici-types@7.16.0", "", {}, "sha512-Zz+aZWSj8LE6zoxD+xrjh4VfkIG8Ya6LvYkZqtUQGJPZjYl53ypCaUwWqo7eI0x66KBGeRo+mlBEkMSeSZ38Nw=="],
  }
}
